
Microsoft Visual Studio Solution File, Format Version 12.00
# Visual Studio 15
Project("{FAE04EC0-301F-11D3-BF4B-00C04F79EFBC}") = "Assembly-CSharp-Editor", "Assembly-CSharp-Editor.csproj", "{24C7B461-F71A-A902-CA90-56A584553F39}"
EndProject
Project("{FAE04EC0-301F-11D3-BF4B-00C04F79EFBC}") = "Assembly-CSharp", "Assembly-CSharp.csproj", "{4180A69F-317B-1E8B-3218-4161F5CB2F25}"
EndProject
Global
	GlobalSection(SolutionConfigurationPlatforms) = preSolution
		Debug|Any CPU = Debug|Any CPU
		Release|Any CPU = Release|Any CPU
	EndGlobalSection
	GlobalSection(ProjectConfigurationPlatforms) = postSolution
		{24C7B461-F71A-A902-CA90-56A584553F39}.Debug|Any CPU.ActiveCfg = Debug|Any CPU
		{24C7B461-F71A-A902-CA90-56A584553F39}.Debug|Any CPU.Build.0 = Debug|Any CPU
		{24C7B461-F71A-A902-CA90-56A584553F39}.Release|Any CPU.ActiveCfg = Release|Any CPU
		{24C7B461-F71A-A902-CA90-56A584553F39}.Release|Any CPU.Build.0 = Release|Any CPU
		{4180A69F-317B-1E8B-3218-4161F5CB2F25}.Debug|Any CPU.ActiveCfg = Debug|Any CPU
		{4180A69F-317B-1E8B-3218-4161F5CB2F25}.Debug|Any CPU.Build.0 = Debug|Any CPU
		{4180A69F-317B-1E8B-3218-4161F5CB2F25}.Release|Any CPU.ActiveCfg = Release|Any CPU
		{4180A69F-317B-1E8B-3218-4161F5CB2F25}.Release|Any CPU.Build.0 = Release|Any CPU
	EndGlobalSection
	GlobalSection(SolutionProperties) = preSolution
		HideSolutionNode = FALSE
	EndGlobalSection
EndGlobal
